
Microsoft Visual Studio Solution File, Format Version 12.00
# Visual Studio 2013
VisualStudioVersion = 12.0.21005.1
MinimumVisualStudioVersion = 10.0.40219.1
Project("{FAE04EC0-301F-11D3-BF4B-00C04F79EFBC}") = "Spike.MongoDbTests", "Src\Spike.MongoDbTests\Spike.MongoDbTests.csproj", "{39806C6F-6B04-47C6-8AFC-A23663A15A6C}"
EndProject
Project("{FAE04EC0-301F-11D3-BF4B-00C04F79EFBC}") = "Spike.MongoDb", "Src\Spike.MongoDb\Spike.MongoDb.csproj", "{F541660C-68D5-4FC1-A32D-25D2B2301C2F}"
EndProject
Global
	GlobalSection(SolutionConfigurationPlatforms) = preSolution
		Debug|Any CPU = Debug|Any CPU
		Release|Any CPU = Release|Any CPU
	EndGlobalSection
	GlobalSection(ProjectConfigurationPlatforms) = postSolution
		{39806C6F-6B04-47C6-8AFC-A23663A15A6C}.Debug|Any CPU.ActiveCfg = Debug|Any CPU
		{39806C6F-6B04-47C6-8AFC-A23663A15A6C}.Debug|Any CPU.Build.0 = Debug|Any CPU
		{39806C6F-6B04-47C6-8AFC-A23663A15A6C}.Release|Any CPU.ActiveCfg = Release|Any CPU
		{39806C6F-6B04-47C6-8AFC-A23663A15A6C}.Release|Any CPU.Build.0 = Release|Any CPU
		{F541660C-68D5-4FC1-A32D-25D2B2301C2F}.Debug|Any CPU.ActiveCfg = Debug|Any CPU
		{F541660C-68D5-4FC1-A32D-25D2B2301C2F}.Debug|Any CPU.Build.0 = Debug|Any CPU
		{F541660C-68D5-4FC1-A32D-25D2B2301C2F}.Release|Any CPU.ActiveCfg = Release|Any CPU
		{F541660C-68D5-4FC1-A32D-25D2B2301C2F}.Release|Any CPU.Build.0 = Release|Any CPU
	EndGlobalSection
	GlobalSection(SolutionProperties) = preSolution
		HideSolutionNode = FALSE
	EndGlobalSection
EndGlobal
